// !$*UTF8*$!
{
	archiveVersion = 1;
	classes = {
	};
	objectVersion = 50;
	objects = {

/* Begin PBXBuildFile section */
		2A72D5502157152A007856F9 /* AppDelegate.swift in Sources */ = {isa = PBXBuildFile; fileRef = 2A72D54F2157152A007856F9 /* AppDelegate.swift */; };
		2A72D5522157152A007856F9 /* ViewController.swift in Sources */ = {isa = PBXBuildFile; fileRef = 2A72D5512157152A007856F9 /* ViewController.swift */; };
		2A72D5552157152A007856F9 /* Main.storyboard in Resources */ = {isa = PBXBuildFile; fileRef = 2A72D5532157152A007856F9 /* Main.storyboard */; };
		2A72D5572157152B007856F9 /* Assets.xcassets in Resources */ = {isa = PBXBuildFile; fileRef = 2A72D5562157152B007856F9 /* Assets.xcassets */; };
		2A72D55A2157152B007856F9 /* LaunchScreen.storyboard in Resources */ = {isa = PBXBuildFile; fileRef = 2A72D5582157152B007856F9 /* LaunchScreen.storyboard */; };
		2A72D5652157152C007856F9 /* denTests.swift in Sources */ = {isa = PBXBuildFile; fileRef = 2A72D5642157152C007856F9 /* denTests.swift */; };
		2A72D5702157152C007856F9 /* denUITests.swift in Sources */ = {isa = PBXBuildFile; fileRef = 2A72D56F2157152C007856F9 /* denUITests.swift */; };
/* End PBXBuildFile section */

/* Begin PBXContainerItemProxy section */
		2A72D5612157152C007856F9 /* PBXContainerItemProxy */ = {
			isa = PBXContainerItemProxy;
			containerPortal = 2A72D5442157152A007856F9 /* Project object */;
			proxyType = 1;
			remoteGlobalIDString = 2A72D54B2157152A007856F9;
			remoteInfo = den;
		};
		2A72D56C2157152C007856F9 /* PBXContainerItemProxy */ = {
			isa = PBXContainerItemProxy;
			containerPortal = 2A72D5442157152A007856F9 /* Project object */;
			proxyType = 1;
			remoteGlobalIDString = 2A72D54B2157152A007856F9;
			remoteInfo = den;
		};
/* End PBXContainerItemProxy section */

/* Begin PBXFileReference section */
		2A72D54C2157152A007856F9 /* den.app */ = {isa = PBXFileReference; explicitFileType = wrapper.application; includeInIndex = 0; path = den.app; sourceTree = BUILT_PRODUCTS_DIR; };
		2A72D54F2157152A007856F9 /* AppDelegate.swift */ = {isa = PBXFileReference; lastKnownFileType = sourcecode.swift; path = AppDelegate.swift; sourceTree = "<group>"; };
		2A72D5512157152A007856F9 /* ViewController.swift */ = {isa = PBXFileReference; lastKnownFileType = sourcecode.swift; path = ViewController.swift; sourceTree = "<group>"; };
		2A72D5542157152A007856F9 /* Base */ = {isa = PBXFileReference; lastKnownFileType = file.storyboard; name = Base; path = Base.lproj/Main.storyboard; sourceTree = "<group>"; };
		2A72D5562157152B007856F9 /* Assets.xcassets */ = {isa = PBXFileReference; lastKnownFileType = folder.assetcatalog; path = Assets.xcassets; sourceTree = "<group>"; };
		2A72D5592157152B007856F9 /* Base */ = {isa = PBXFileReference; lastKnownFileType = file.storyboard; name = Base; path = Base.lproj/LaunchScreen.storyboard; sourceTree = "<group>"; };
		2A72D55B2157152B007856F9 /* Info.plist */ = {isa = PBXFileReference; lastKnownFileType = text.plist.xml; path = Info.plist; sourceTree = "<group>"; };
		2A72D5602157152C007856F9 /* denTests.xctest */ = {isa = PBXFileReference; explicitFileType = wrapper.cfbundle; includeInIndex = 0; path = denTests.xctest; sourceTree = BUILT_PRODUCTS_DIR; };
		2A72D5642157152C007856F9 /* denTests.swift */ = {isa = PBXFileReference; lastKnownFileType = sourcecode.swift; path = denTests.swift; sourceTree = "<group>"; };
		2A72D5662157152C007856F9 /* Info.plist */ = {isa = PBXFileReference; lastKnownFileType = text.plist.xml; path = Info.plist; sourceTree = "<group>"; };
		2A72D56B2157152C007856F9 /* denUITests.xctest */ = {isa = PBXFileReference; explicitFileType = wrapper.cfbundle; includeInIndex = 0; path = denUITests.xctest; sourceTree = BUILT_PRODUCTS_DIR; };
		2A72D56F2157152C007856F9 /* denUITests.swift */ = {isa = PBXFileReference; lastKnownFileType = sourcecode.swift; path = denUITests.swift; sourceTree = "<group>"; };
		2A72D5712157152C007856F9 /* Info.plist */ = {isa = PBXFileReference; lastKnownFileType = text.plist.xml; path = Info.plist; sourceTree = "<group>"; };
/* End PBXFileReference section */

/* Begin PBXFrameworksBuildPhase section */
		2A72D5492157152A007856F9 /* Frameworks */ = {
			isa = PBXFrameworksBuildPhase;
			buildActionMask = 2147483647;
			files = (
			);
			runOnlyForDeploymentPostprocessing = 0;
		};
		2A72D55D2157152C007856F9 /* Frameworks */ = {
			isa = PBXFrameworksBuildPhase;
			buildActionMask = 2147483647;
			files = (
			);
			runOnlyForDeploymentPostprocessing = 0;
		};
		2A72D5682157152C007856F9 /* Frameworks */ = {
			isa = PBXFrameworksBuildPhase;
			buildActionMask = 2147483647;
			files = (
			);
			runOnlyForDeploymentPostprocessing = 0;
		};
/* End PBXFrameworksBuildPhase section */

/* Begin PBXGroup section */
		2A72D5432157152A007856F9 = {
			isa = PBXGroup;
			children = (
				2A72D54E2157152A007856F9 /* den */,
				2A72D5632157152C007856F9 /* denTests */,
				2A72D56E2157152C007856F9 /* denUITests */,
				2A72D54D2157152A007856F9 /* Products */,
			);
			sourceTree = "<group>";
		};
		2A72D54D2157152A007856F9 /* Products */ = {
			isa = PBXGroup;
			children = (
				2A72D54C2157152A007856F9 /* den.app */,
				2A72D5602157152C007856F9 /* denTests.xctest */,
				2A72D56B2157152C007856F9 /* denUITests.xctest */,
			);
			name = Products;
			sourceTree = "<group>";
		};
		2A72D54E2157152A007856F9 /* den */ = {
			isa = PBXGroup;
			children = (
				2A72D54F2157152A007856F9 /* AppDelegate.swift */,
				2A72D5512157152A007856F9 /* ViewController.swift */,
				2A72D5532157152A007856F9 /* Main.storyboard */,
				2A72D5562157152B007856F9 /* Assets.xcassets */,
				2A72D5582157152B007856F9 /* LaunchScreen.storyboard */,
				2A72D55B2157152B007856F9 /* Info.plist */,
			);
			path = den;
			sourceTree = "<group>";
		};
		2A72D5632157152C007856F9 /* denTests */ = {
			isa = PBXGroup;
			children = (
				2A72D5642157152C007856F9 /* denTests.swift */,
				2A72D5662157152C007856F9 /* Info.plist */,
			);
			path = denTests;
			sourceTree = "<group>";
		};
		2A72D56E2157152C007856F9 /* denUITests */ = {
			isa = PBXGroup;
			children = (
				2A72D56F2157152C007856F9 /* denUITests.swift */,
				2A72D5712157152C007856F9 /* Info.plist */,
			);
			path = denUITests;
			sourceTree = "<group>";
		};
/* End PBXGroup section */

/* Begin PBXNativeTarget section */
		2A72D54B2157152A007856F9 /* den */ = {
			isa = PBXNativeTarget;
			buildConfigurationList = 2A72D5742157152C007856F9 /* Build configuration list for PBXNativeTarget "den" */;
			buildPhases = (
				2A72D5482157152A007856F9 /* Sources */,
				2A72D5492157152A007856F9 /* Frameworks */,
				2A72D54A2157152A007856F9 /* Resources */,
			);
			buildRules = (
			);
			dependencies = (
			);
			name = den;
			productName = den;
			productReference = 2A72D54C2157152A007856F9 /* den.app */;
			productType = "com.apple.product-type.application";
		};
		2A72D55F2157152C007856F9 /* denTests */ = {
			isa = PBXNativeTarget;
			buildConfigurationList = 2A72D5772157152C007856F9 /* Build configuration list for PBXNativeTarget "denTests" */;
			buildPhases = (
				2A72D55C2157152C007856F9 /* Sources */,
				2A72D55D2157152C007856F9 /* Frameworks */,
				2A72D55E2157152C007856F9 /* Resources */,
			);
			buildRules = (
			);
			dependencies = (
				2A72D5622157152C007856F9 /* PBXTargetDependency */,
			);
			name = denTests;
			productName = denTests;
			productReference = 2A72D5602157152C007856F9 /* denTests.xctest */;
			productType = "com.apple.product-type.bundle.unit-test";
		};
		2A72D56A2157152C007856F9 /* denUITests */ = {
			isa = PBXNativeTarget;
			buildConfigurationList = 2A72D57A2157152C007856F9 /* Build configuration list for PBXNativeTarget "denUITests" */;
			buildPhases = (
				2A72D5672157152C007856F9 /* Sources */,
				2A72D5682157152C007856F9 /* Frameworks */,
				2A72D5692157152C007856F9 /* Resources */,
			);
			buildRules = (
			);
			dependencies = (
				2A72D56D2157152C007856F9 /* PBXTargetDependency */,
			);
			name = denUITests;
			productName = denUITests;
			productReference = 2A72D56B2157152C007856F9 /* denUITests.xctest */;
			productType = "com.apple.product-type.bundle.ui-testing";
		};
/* End PBXNativeTarget section */

/* Begin PBXProject section */
		2A72D5442157152A007856F9 /* Project object */ = {
			isa = PBXProject;
			attributes = {
				LastSwiftUpdateCheck = 0940;
				LastUpgradeCheck = 0940;
				ORGANIZATIONNAME = uenoryo;
				TargetAttributes = {
					2A72D54B2157152A007856F9 = {
						CreatedOnToolsVersion = 9.4.1;
					};
					2A72D55F2157152C007856F9 = {
						CreatedOnToolsVersion = 9.4.1;
						TestTargetID = 2A72D54B2157152A007856F9;
					};
					2A72D56A2157152C007856F9 = {
						CreatedOnToolsVersion = 9.4.1;
						TestTargetID = 2A72D54B2157152A007856F9;
					};
				};
			};
			buildConfigurationList = 2A72D5472157152A007856F9 /* Build configuration list for PBXProject "den" */;
			compatibilityVersion = "Xcode 9.3";
			developmentRegion = en;
			hasScannedForEncodings = 0;
			knownRegions = (
				en,
				Base,
			);
			mainGroup = 2A72D5432157152A007856F9;
			productRefGroup = 2A72D54D2157152A007856F9 /* Products */;
			projectDirPath = "";
			projectRoot = "";
			targets = (
				2A72D54B2157152A007856F9 /* den */,
				2A72D55F2157152C007856F9 /* denTests */,
				2A72D56A2157152C007856F9 /* denUITests */,
			);
		};
/* End PBXProject section */

/* Begin PBXResourcesBuildPhase section */
		2A72D54A2157152A007856F9 /* Resources */ = {
			isa = PBXResourcesBuildPhase;
			buildActionMask = 2147483647;
			files = (
				2A72D55A2157152B007856F9 /* LaunchScreen.storyboard in Resources */,
				2A72D5572157152B007856F9 /* Assets.xcassets in Resources */,
				2A72D5552157152A007856F9 /* Main.storyboard in Resources */,
			);
			runOnlyForDeploymentPostprocessing = 0;
		};
		2A72D55E2157152C007856F9 /* Resources */ = {
			isa = PBXResourcesBuildPhase;
			buildActionMask = 2147483647;
			files = (
			);
			runOnlyForDeploymentPostprocessing = 0;
		};
		2A72D5692157152C007856F9 /* Resources */ = {
			isa = PBXResourcesBuildPhase;
			buildActionMask = 2147483647;
			files = (
			);
			runOnlyForDeploymentPostprocessing = 0;
		};
/* End PBXResourcesBuildPhase section */

/* Begin PBXSourcesBuildPhase section */
		2A72D5482157152A007856F9 /* Sources */ = {
			isa = PBXSourcesBuildPhase;
			buildActionMask = 2147483647;
			files = (
				2A72D5522157152A007856F9 /* ViewController.swift in Sources */,
				2A72D5502157152A007856F9 /* AppDelegate.swift in Sources */,
			);
			runOnlyForDeploymentPostprocessing = 0;
		};
		2A72D55C2157152C007856F9 /* Sources */ = {
			isa = PBXSourcesBuildPhase;
			buildActionMask = 2147483647;
			files = (
				2A72D5652157152C007856F9 /* denTests.swift in Sources */,
			);
			runOnlyForDeploymentPostprocessing = 0;
		};
		2A72D5672157152C007856F9 /* Sources */ = {
			isa = PBXSourcesBuildPhase;
			buildActionMask = 2147483647;
			files = (
				2A72D5702157152C007856F9 /* denUITests.swift in Sources */,
			);
			runOnlyForDeploymentPostprocessing = 0;
		};
/* End PBXSourcesBuildPhase section */

/* Begin PBXTargetDependency section */
		2A72D5622157152C007856F9 /* PBXTargetDependency */ = {
			isa = PBXTargetDependency;
			target = 2A72D54B2157152A007856F9 /* den */;
			targetProxy = 2A72D5612157152C007856F9 /* PBXContainerItemProxy */;
		};
		2A72D56D2157152C007856F9 /* PBXTargetDependency */ = {
			isa = PBXTargetDependency;
			target = 2A72D54B2157152A007856F9 /* den */;
			targetProxy = 2A72D56C2157152C007856F9 /* PBXContainerItemProxy */;
		};
/* End PBXTargetDependency section */

/* Begin PBXVariantGroup section */
		2A72D5532157152A007856F9 /* Main.storyboard */ = {
			isa = PBXVariantGroup;
			children = (
				2A72D5542157152A007856F9 /* Base */,
			);
			name = Main.storyboard;
			sourceTree = "<group>";
		};
		2A72D5582157152B007856F9 /* LaunchScreen.storyboard */ = {
			isa = PBXVariantGroup;
			children = (
				2A72D5592157152B007856F9 /* Base */,
			);
			name = LaunchScreen.storyboard;
			sourceTree = "<group>";
		};
/* End PBXVariantGroup section */

/* Begin XCBuildConfiguration section */
		2A72D5722157152C007856F9 /* Debug */ = {
			isa = XCBuildConfiguration;
			buildSettings = {
				ALWAYS_SEARCH_USER_PATHS = NO;
				CLANG_ANALYZER_NONNULL = YES;
				CLANG_ANALYZER_NUMBER_OBJECT_CONVERSION = YES_AGGRESSIVE;
				CLANG_CXX_LANGUAGE_STANDARD = "gnu++14";
				CLANG_CXX_LIBRARY = "libc++";
				CLANG_ENABLE_MODULES = YES;
				CLANG_ENABLE_OBJC_ARC = YES;
				CLANG_ENABLE_OBJC_WEAK = YES;
				CLANG_WARN_BLOCK_CAPTURE_AUTORELEASING = YES;
				CLANG_WARN_BOOL_CONVERSION = YES;
				CLANG_WARN_COMMA = YES;
				CLANG_WARN_CONSTANT_CONVERSION = YES;
				CLANG_WARN_DEPRECATED_OBJC_IMPLEMENTATIONS = YES;
				CLANG_WARN_DIRECT_OBJC_ISA_USAGE = YES_ERROR;
				CLANG_WARN_DOCUMENTATION_COMMENTS = YES;
				CLANG_WARN_EMPTY_BODY = YES;
				CLANG_WARN_ENUM_CONVERSION = YES;
				CLANG_WARN_INFINITE_RECURSION = YES;
				CLANG_WARN_INT_CONVERSION = YES;
				CLANG_WARN_NON_LITERAL_NULL_CONVERSION = YES;
				CLANG_WARN_OBJC_IMPLICIT_RETAIN_SELF = YES;
				CLANG_WARN_OBJC_LITERAL_CONVERSION = YES;
				CLANG_WARN_OBJC_ROOT_CLASS = YES_ERROR;
				CLANG_WARN_RANGE_LOOP_ANALYSIS = YES;
				CLANG_WARN_STRICT_PROTOTYPES = YES;
				CLANG_WARN_SUSPICIOUS_MOVE = YES;
				CLANG_WARN_UNGUARDED_AVAILABILITY = YES_AGGRESSIVE;
				CLANG_WARN_UNREACHABLE_CODE = YES;
				CLANG_WARN__DUPLICATE_METHOD_MATCH = YES;
				CODE_SIGN_IDENTITY = "iPhone Developer";
				COPY_PHASE_STRIP = NO;
				DEBUG_INFORMATION_FORMAT = dwarf;
				ENABLE_STRICT_OBJC_MSGSEND = YES;
				ENABLE_TESTABILITY = YES;
				GCC_C_LANGUAGE_STANDARD = gnu11;
				GCC_DYNAMIC_NO_PIC = NO;
				GCC_NO_COMMON_BLOCKS = YES;
				GCC_OPTIMIZATION_LEVEL = 0;
				GCC_PREPROCESSOR_DEFINITIONS = (
					"DEBUG=1",
					"$(inherited)",
				);
				GCC_WARN_64_TO_32_BIT_CONVERSION = YES;
				GCC_WARN_ABOUT_RETURN_TYPE = YES_ERROR;
				GCC_WARN_UNDECLARED_SELECTOR = YES;
				GCC_WARN_UNINITIALIZED_AUTOS = YES_AGGRESSIVE;
				GCC_WARN_UNUSED_FUNCTION = YES;
				GCC_WARN_UNUSED_VARIABLE = YES;
				IPHONEOS_DEPLOYMENT_TARGET = 11.4;
				MTL_ENABLE_DEBUG_INFO = YES;
				ONLY_ACTIVE_ARCH = YES;
				SDKROOT = iphoneos;
				SWIFT_ACTIVE_COMPILATION_CONDITIONS = DEBUG;
				SWIFT_OPTIMIZATION_LEVEL = "-Onone";
			};
			name = Debug;
		};
		2A72D5732157152C007856F9 /* Release */ = {
			isa = XCBuildConfiguration;
			buildSettings = {
				ALWAYS_SEARCH_USER_PATHS = NO;
				CLANG_ANALYZER_NONNULL = YES;
				CLANG_ANALYZER_NUMBER_OBJECT_CONVERSION = YES_AGGRESSIVE;
				CLANG_CXX_LANGUAGE_STANDARD = "gnu++14";
				CLANG_CXX_LIBRARY = "libc++";
				CLANG_ENABLE_MODULES = YES;
				CLANG_ENABLE_OBJC_ARC = YES;
				CLANG_ENABLE_OBJC_WEAK = YES;
				CLANG_WARN_BLOCK_CAPTURE_AUTORELEASING = YES;
				CLANG_WARN_BOOL_CONVERSION = YES;
				CLANG_WARN_COMMA = YES;
				CLANG_WARN_CONSTANT_CONVERSION = YES;
				CLANG_WARN_DEPRECATED_OBJC_IMPLEMENTATIONS = YES;
				CLANG_WARN_DIRECT_OBJC_ISA_USAGE = YES_ERROR;
				CLANG_WARN_DOCUMENTATION_COMMENTS = YES;
				CLANG_WARN_EMPTY_BODY = YES;
				CLANG_WARN_ENUM_CONVERSION = YES;
				CLANG_WARN_INFINITE_RECURSION = YES;
				CLANG_WARN_INT_CONVERSION = YES;
				CLANG_WARN_NON_LITERAL_NULL_CONVERSION = YES;
				CLANG_WARN_OBJC_IMPLICIT_RETAIN_SELF = YES;
				CLANG_WARN_OBJC_LITERAL_CONVERSION = YES;
				CLANG_WARN_OBJC_ROOT_CLASS = YES_ERROR;
				CLANG_WARN_RANGE_LOOP_ANALYSIS = YES;
				CLANG_WARN_STRICT_PROTOTYPES = YES;
				CLANG_WARN_SUSPICIOUS_MOVE = YES;
				CLANG_WARN_UNGUARDED_AVAILABILITY = YES_AGGRESSIVE;
				CLANG_WARN_UNREACHABLE_CODE = YES;
				CLANG_WARN__DUPLICATE_METHOD_MATCH = YES;
				CODE_SIGN_IDENTITY = "iPhone Developer";
				COPY_PHASE_STRIP = NO;
				DEBUG_INFORMATION_FORMAT = "dwarf-with-dsym";
				ENABLE_NS_ASSERTIONS = NO;
				ENABLE_STRICT_OBJC_MSGSEND = YES;
				GCC_C_LANGUAGE_STANDARD = gnu11;
				GCC_NO_COMMON_BLOCKS = YES;
				GCC_WARN_64_TO_32_BIT_CONVERSION = YES;
				GCC_WARN_ABOUT_RETURN_TYPE = YES_ERROR;
				GCC_WARN_UNDECLARED_SELECTOR = YES;
				GCC_WARN_UNINITIALIZED_AUTOS = YES_AGGRESSIVE;
				GCC_WARN_UNUSED_FUNCTION = YES;
				GCC_WARN_UNUSED_VARIABLE = YES;
				IPHONEOS_DEPLOYMENT_TARGET = 11.4;
				MTL_ENABLE_DEBUG_INFO = NO;
				SDKROOT = iphoneos;
				SWIFT_COMPILATION_MODE = wholemodule;
				SWIFT_OPTIMIZATION_LEVEL = "-O";
				VALIDATE_PRODUCT = YES;
			};
			name = Release;
		};
		2A72D5752157152C007856F9 /* Debug */ = {
			isa = XCBuildConfiguration;
			buildSettings = {
				ASSETCATALOG_COMPILER_APPICON_NAME = AppIcon;
				CODE_SIGN_STYLE = Automatic;
				INFOPLIST_FILE = den/Info.plist;
				LD_RUNPATH_SEARCH_PATHS = (
					"$(inherited)",
					"@executable_path/Frameworks",
				);
				PRODUCT_BUNDLE_IDENTIFIER = "uma-b.den";
				PRODUCT_NAME = "$(TARGET_NAME)";
				SWIFT_VERSION = 4.0;
				TARGETED_DEVICE_FAMILY = "1,2";
			};
			name = Debug;
		};
		2A72D5762157152C007856F9 /* Release */ = {
			isa = XCBuildConfiguration;
			buildSettings = {
				ASSETCATALOG_COMPILER_APPICON_NAME = AppIcon;
				CODE_SIGN_STYLE = Automatic;
				INFOPLIST_FILE = den/Info.plist;
				LD_RUNPATH_SEARCH_PATHS = (
					"$(inherited)",
					"@executable_path/Frameworks",
				);
				PRODUCT_BUNDLE_IDENTIFIER = "uma-b.den";
				PRODUCT_NAME = "$(TARGET_NAME)";
				SWIFT_VERSION = 4.0;
				TARGETED_DEVICE_FAMILY = "1,2";
			};
			name = Release;
		};
		2A72D5782157152C007856F9 /* Debug */ = {
			isa = XCBuildConfiguration;
			buildSettings = {
				ALWAYS_EMBED_SWIFT_STANDARD_LIBRARIES = YES;
				BUNDLE_LOADER = "$(TEST_HOST)";
				CODE_SIGN_STYLE = Automatic;
				INFOPLIST_FILE = denTests/Info.plist;
				LD_RUNPATH_SEARCH_PATHS = (
					"$(inherited)",
					"@executable_path/Frameworks",
					"@loader_path/Frameworks",
				);
				PRODUCT_BUNDLE_IDENTIFIER = "uma-b.denTests";
				PRODUCT_NAME = "$(TARGET_NAME)";
				SWIFT_VERSION = 4.0;
				TARGETED_DEVICE_FAMILY = "1,2";
				TEST_HOST = "$(BUILT_PRODUCTS_DIR)/den.app/den";
			};
			name = Debug;
		};
		2A72D5792157152C007856F9 /* Release */ = {
			isa = XCBuildConfiguration;
			buildSettings = {
				ALWAYS_EMBED_SWIFT_STANDARD_LIBRARIES = YES;
				BUNDLE_LOADER = "$(TEST_HOST)";
				CODE_SIGN_STYLE = Automatic;
				INFOPLIST_FILE = denTests/Info.plist;
				LD_RUNPATH_SEARCH_PATHS = (
					"$(inherited)",
					"@executable_path/Frameworks",
					"@loader_path/Frameworks",
				);
				PRODUCT_BUNDLE_IDENTIFIER = "uma-b.denTests";
				PRODUCT_NAME = "$(TARGET_NAME)";
				SWIFT_VERSION = 4.0;
				TARGETED_DEVICE_FAMILY = "1,2";
				TEST_HOST = "$(BUILT_PRODUCTS_DIR)/den.app/den";
			};
			name = Release;
		};
		2A72D57B2157152C007856F9 /* Debug */ = {
			isa = XCBuildConfiguration;
			buildSettings = {
				ALWAYS_EMBED_SWIFT_STANDARD_LIBRARIES = YES;
				CODE_SIGN_STYLE = Automatic;
				INFOPLIST_FILE = denUITests/Info.plist;
				LD_RUNPATH_SEARCH_PATHS = (
					"$(inherited)",
					"@executable_path/Frameworks",
					"@loader_path/Frameworks",
				);
				PRODUCT_BUNDLE_IDENTIFIER = "uma-b.denUITests";
				PRODUCT_NAME = "$(TARGET_NAME)";
				SWIFT_VERSION = 4.0;
				TARGETED_DEVICE_FAMILY = "1,2";
				TEST_TARGET_NAME = den;
			};
			name = Debug;
		};
		2A72D57C2157152C007856F9 /* Release */ = {
			isa = XCBuildConfiguration;
			buildSettings = {
				ALWAYS_EMBED_SWIFT_STANDARD_LIBRARIES = YES;
				CODE_SIGN_STYLE = Automatic;
				INFOPLIST_FILE = denUITests/Info.plist;
				LD_RUNPATH_SEARCH_PATHS = (
					"$(inherited)",
					"@executable_path/Frameworks",
					"@loader_path/Frameworks",
				);
				PRODUCT_BUNDLE_IDENTIFIER = "uma-b.denUITests";
				PRODUCT_NAME = "$(TARGET_NAME)";
				SWIFT_VERSION = 4.0;
				TARGETED_DEVICE_FAMILY = "1,2";
				TEST_TARGET_NAME = den;
			};
			name = Release;
		};
/* End XCBuildConfiguration section */

/* Begin XCConfigurationList section */
		2A72D5472157152A007856F9 /* Build configuration list for PBXProject "den" */ = {
			isa = XCConfigurationList;
			buildConfigurations = (
				2A72D5722157152C007856F9 /* Debug */,
				2A72D5732157152C007856F9 /* Release */,
			);
			defaultConfigurationIsVisible = 0;
			defaultConfigurationName = Release;
		};
		2A72D5742157152C007856F9 /* Build configuration list for PBXNativeTarget "den" */ = {
			isa = XCConfigurationList;
			buildConfigurations = (
				2A72D5752157152C007856F9 /* Debug */,
				2A72D5762157152C007856F9 /* Release */,
			);
			defaultConfigurationIsVisible = 0;
			defaultConfigurationName = Release;
		};
		2A72D5772157152C007856F9 /* Build configuration list for PBXNativeTarget "denTests" */ = {
			isa = XCConfigurationList;
			buildConfigurations = (
				2A72D5782157152C007856F9 /* Debug */,
				2A72D5792157152C007856F9 /* Release */,
			);
			defaultConfigurationIsVisible = 0;
			defaultConfigurationName = Release;
		};
		2A72D57A2157152C007856F9 /* Build configuration list for PBXNativeTarget "denUITests" */ = {
			isa = XCConfigurationList;
			buildConfigurations = (
				2A72D57B2157152C007856F9 /* Debug */,
				2A72D57C2157152C007856F9 /* Release */,
			);
			defaultConfigurationIsVisible = 0;
			defaultConfigurationName = Release;
		};
/* End XCConfigurationList section */
	};
	rootObject = 2A72D5442157152A007856F9 /* Project object */;
}
